
Microsoft Visual Studio Solution File, Format Version 12.00
# Visual Studio Version 16
VisualStudioVersion = 16.0.30523.141
MinimumVisualStudioVersion = 10.0.40219.1
Project("{FAE04EC0-301F-11D3-BF4B-00C04F79EFBC}") = "Trafık_Lambası", "Trafık_Lambası\Trafık_Lambası.csproj", "{E0FC0A89-7D9C-45DA-B3B1-FEC9977A0D79}"
EndProject
Global
	GlobalSection(SolutionConfigurationPlatforms) = preSolution
		Debug|Any CPU = Debug|Any CPU
		Release|Any CPU = Release|Any CPU
	EndGlobalSection
	GlobalSection(ProjectConfigurationPlatforms) = postSolution
		{E0FC0A89-7D9C-45DA-B3B1-FEC9977A0D79}.Debug|Any CPU.ActiveCfg = Debug|Any CPU
		{E0FC0A89-7D9C-45DA-B3B1-FEC9977A0D79}.Debug|Any CPU.Build.0 = Debug|Any CPU
		{E0FC0A89-7D9C-45DA-B3B1-FEC9977A0D79}.Release|Any CPU.ActiveCfg = Release|Any CPU
		{E0FC0A89-7D9C-45DA-B3B1-FEC9977A0D79}.Release|Any CPU.Build.0 = Release|Any CPU
	EndGlobalSection
	GlobalSection(SolutionProperties) = preSolution
		HideSolutionNode = FALSE
	EndGlobalSection
	GlobalSection(ExtensibilityGlobals) = postSolution
		SolutionGuid = {604B5D3B-2D65-495B-BA05-26E4F06CB6EA}
	EndGlobalSection
EndGlobal
